
Microsoft Visual Studio Solution File, Format Version 12.00
# Visual Studio Version 17
VisualStudioVersion = 17.9.34701.34
MinimumVisualStudioVersion = 10.0.40219.1
Project("{2150E333-8FDC-42A3-9474-1A3956D46DE8}") = "DesignPatterns", "DesignPatterns", "{6CADE87D-178C-47B3-84F5-CFC589F6327E}"
EndProject
Project("{FAE04EC0-301F-11D3-BF4B-00C04F79EFBC}") = "MediatorPattern", "DesignPatterns\MediatorPattern\MediatorPattern.csproj", "{78C24DF7-47B0-4C40-B097-C3161FE4B6B8}"
EndProject
Project("{2150E333-8FDC-42A3-9474-1A3956D46DE8}") = "UnitTests", "UnitTests", "{20D2BF5B-496F-4436-B578-73E9AE7C49F1}"
EndProject
Project("{FAE04EC0-301F-11D3-BF4B-00C04F79EFBC}") = "MediatorPatternTests", "DesignPatterns\MediatorPatternTests\MediatorPatternTests.csproj", "{ED058F22-5F69-4BE5-9050-F5F4993DD174}"
EndProject
Global
	GlobalSection(SolutionConfigurationPlatforms) = preSolution
		Debug|Any CPU = Debug|Any CPU
		Release|Any CPU = Release|Any CPU
	EndGlobalSection
	GlobalSection(ProjectConfigurationPlatforms) = postSolution
		{78C24DF7-47B0-4C40-B097-C3161FE4B6B8}.Debug|Any CPU.ActiveCfg = Debug|Any CPU
		{78C24DF7-47B0-4C40-B097-C3161FE4B6B8}.Debug|Any CPU.Build.0 = Debug|Any CPU
		{78C24DF7-47B0-4C40-B097-C3161FE4B6B8}.Release|Any CPU.ActiveCfg = Release|Any CPU
		{78C24DF7-47B0-4C40-B097-C3161FE4B6B8}.Release|Any CPU.Build.0 = Release|Any CPU
		{ED058F22-5F69-4BE5-9050-F5F4993DD174}.Debug|Any CPU.ActiveCfg = Debug|Any CPU
		{ED058F22-5F69-4BE5-9050-F5F4993DD174}.Debug|Any CPU.Build.0 = Debug|Any CPU
		{ED058F22-5F69-4BE5-9050-F5F4993DD174}.Release|Any CPU.ActiveCfg = Release|Any CPU
		{ED058F22-5F69-4BE5-9050-F5F4993DD174}.Release|Any CPU.Build.0 = Release|Any CPU
	EndGlobalSection
	GlobalSection(SolutionProperties) = preSolution
		HideSolutionNode = FALSE
	EndGlobalSection
	GlobalSection(NestedProjects) = preSolution
		{78C24DF7-47B0-4C40-B097-C3161FE4B6B8} = {6CADE87D-178C-47B3-84F5-CFC589F6327E}
		{ED058F22-5F69-4BE5-9050-F5F4993DD174} = {20D2BF5B-496F-4436-B578-73E9AE7C49F1}
	EndGlobalSection
	GlobalSection(ExtensibilityGlobals) = postSolution
		SolutionGuid = {6FCFB111-C489-4B51-9F60-5240CF8E74B1}
	EndGlobalSection
EndGlobal
